
Microsoft Visual Studio Solution File, Format Version 12.00
# Visual Studio 2012
Project("{FAE04EC0-301F-11D3-BF4B-00C04F79EFBC}") = "Serraview.LdmConnector", "LdmConnector\Serraview.LdmConnector.csproj", "{99F210D8-3C56-4FB4-9D7E-1FFC414947BD}"
EndProject
Project("{FAE04EC0-301F-11D3-BF4B-00C04F79EFBC}") = "Serraview.LdmConnector.Tests", "Serraview.LdmConnector.Tests\Serraview.LdmConnector.Tests.csproj", "{F4DC617D-6CD8-4655-A28C-2E2612B1E47F}"
EndProject
Global
	GlobalSection(SolutionConfigurationPlatforms) = preSolution
		Debug|Any CPU = Debug|Any CPU
		Release|Any CPU = Release|Any CPU
	EndGlobalSection
	GlobalSection(ProjectConfigurationPlatforms) = postSolution
		{99F210D8-3C56-4FB4-9D7E-1FFC414947BD}.Debug|Any CPU.ActiveCfg = Debug|Any CPU
		{99F210D8-3C56-4FB4-9D7E-1FFC414947BD}.Debug|Any CPU.Build.0 = Debug|Any CPU
		{99F210D8-3C56-4FB4-9D7E-1FFC414947BD}.Release|Any CPU.ActiveCfg = Release|Any CPU
		{99F210D8-3C56-4FB4-9D7E-1FFC414947BD}.Release|Any CPU.Build.0 = Release|Any CPU
		{F4DC617D-6CD8-4655-A28C-2E2612B1E47F}.Debug|Any CPU.ActiveCfg = Debug|Any CPU
		{F4DC617D-6CD8-4655-A28C-2E2612B1E47F}.Debug|Any CPU.Build.0 = Debug|Any CPU
		{F4DC617D-6CD8-4655-A28C-2E2612B1E47F}.Release|Any CPU.ActiveCfg = Release|Any CPU
		{F4DC617D-6CD8-4655-A28C-2E2612B1E47F}.Release|Any CPU.Build.0 = Release|Any CPU
	EndGlobalSection
	GlobalSection(SolutionProperties) = preSolution
		HideSolutionNode = FALSE
	EndGlobalSection
EndGlobal
